// !$*UTF8*$!
{
	archiveVersion = 1;
	classes = {
	};
	objectVersion = 56;
	objects = {

/* Begin PBXBuildFile section */
		3C35DD1428E232E0006B7A47 /* PrismExampleApp.swift in Sources */ = {isa = PBXBuildFile; fileRef = 3C35DD1328E232E0006B7A47 /* PrismExampleApp.swift */; };
		3C35DD1628E232E0006B7A47 /* ContentView.swift in Sources */ = {isa = PBXBuildFile; fileRef = 3C35DD1528E232E0006B7A47 /* ContentView.swift */; };
		3C35DD1828E232E1006B7A47 /* Assets.xcassets in Resources */ = {isa = PBXBuildFile; fileRef = 3C35DD1728E232E1006B7A47 /* Assets.xcassets */; };
		3C35DD1B28E232E1006B7A47 /* Preview Assets.xcassets in Resources */ = {isa = PBXBuildFile; fileRef = 3C35DD1A28E232E1006B7A47 /* Preview Assets.xcassets */; };
		3C35DD2428E233B2006B7A47 /* Prism in Frameworks */ = {isa = PBXBuildFile; productRef = 3C35DD2328E233B2006B7A47 /* Prism */; };
		3C35DD2728E25C79006B7A47 /* DetailView.swift in Sources */ = {isa = PBXBuildFile; fileRef = 3C35DD2628E25C79006B7A47 /* DetailView.swift */; };
		3C35DD2928E25D53006B7A47 /* Color.swift in Sources */ = {isa = PBXBuildFile; fileRef = 3C35DD2828E25D53006B7A47 /* Color.swift */; };
		3C35DD2C28E25DFD006B7A47 /* GalleryView.swift in Sources */ = {isa = PBXBuildFile; fileRef = 3C35DD2B28E25DFD006B7A47 /* GalleryView.swift */; };
		3C35DD2E28E261DE006B7A47 /* ViewModel.swift in Sources */ = {isa = PBXBuildFile; fileRef = 3C35DD2D28E261DE006B7A47 /* ViewModel.swift */; };
		3C35DD3128E27CEE006B7A47 /* GalleryCardView.swift in Sources */ = {isa = PBXBuildFile; fileRef = 3C35DD3028E27CEE006B7A47 /* GalleryCardView.swift */; };
		3C35DD3328E27E19006B7A47 /* Gradient.swift in Sources */ = {isa = PBXBuildFile; fileRef = 3C35DD3228E27E19006B7A47 /* Gradient.swift */; };
		3C35DD3528E27FD5006B7A47 /* Image.swift in Sources */ = {isa = PBXBuildFile; fileRef = 3C35DD3428E27FD5006B7A47 /* Image.swift */; };
		3C35DD3728E28269006B7A47 /* Glass.swift in Sources */ = {isa = PBXBuildFile; fileRef = 3C35DD3628E28269006B7A47 /* Glass.swift */; };
/* End PBXBuildFile section */

/* Begin PBXFileReference section */
		3C35DD1028E232E0006B7A47 /* PrismExample.app */ = {isa = PBXFileReference; explicitFileType = wrapper.application; includeInIndex = 0; path = PrismExample.app; sourceTree = BUILT_PRODUCTS_DIR; };
		3C35DD1328E232E0006B7A47 /* PrismExampleApp.swift */ = {isa = PBXFileReference; lastKnownFileType = sourcecode.swift; path = PrismExampleApp.swift; sourceTree = "<group>"; };
		3C35DD1528E232E0006B7A47 /* ContentView.swift */ = {isa = PBXFileReference; lastKnownFileType = sourcecode.swift; path = ContentView.swift; sourceTree = "<group>"; };
		3C35DD1728E232E1006B7A47 /* Assets.xcassets */ = {isa = PBXFileReference; lastKnownFileType = folder.assetcatalog; path = Assets.xcassets; sourceTree = "<group>"; };
		3C35DD1A28E232E1006B7A47 /* Preview Assets.xcassets */ = {isa = PBXFileReference; lastKnownFileType = folder.assetcatalog; path = "Preview Assets.xcassets"; sourceTree = "<group>"; };
		3C35DD2528E233BA006B7A47 /* Prism */ = {isa = PBXFileReference; lastKnownFileType = wrapper; name = Prism; path = ../..; sourceTree = "<group>"; };
		3C35DD2628E25C79006B7A47 /* DetailView.swift */ = {isa = PBXFileReference; lastKnownFileType = sourcecode.swift; path = DetailView.swift; sourceTree = "<group>"; };
		3C35DD2828E25D53006B7A47 /* Color.swift */ = {isa = PBXFileReference; lastKnownFileType = sourcecode.swift; path = Color.swift; sourceTree = "<group>"; };
		3C35DD2B28E25DFD006B7A47 /* GalleryView.swift */ = {isa = PBXFileReference; lastKnownFileType = sourcecode.swift; path = GalleryView.swift; sourceTree = "<group>"; };
		3C35DD2D28E261DE006B7A47 /* ViewModel.swift */ = {isa = PBXFileReference; lastKnownFileType = sourcecode.swift; path = ViewModel.swift; sourceTree = "<group>"; };
		3C35DD3028E27CEE006B7A47 /* GalleryCardView.swift */ = {isa = PBXFileReference; lastKnownFileType = sourcecode.swift; path = GalleryCardView.swift; sourceTree = "<group>"; };
		3C35DD3228E27E19006B7A47 /* Gradient.swift */ = {isa = PBXFileReference; lastKnownFileType = sourcecode.swift; path = Gradient.swift; sourceTree = "<group>"; };
		3C35DD3428E27FD5006B7A47 /* Image.swift */ = {isa = PBXFileReference; lastKnownFileType = sourcecode.swift; path = Image.swift; sourceTree = "<group>"; };
		3C35DD3628E28269006B7A47 /* Glass.swift */ = {isa = PBXFileReference; lastKnownFileType = sourcecode.swift; path = Glass.swift; sourceTree = "<group>"; };
/* End PBXFileReference section */

/* Begin PBXFrameworksBuildPhase section */
		3C35DD0D28E232E0006B7A47 /* Frameworks */ = {
			isa = PBXFrameworksBuildPhase;
			buildActionMask = 2147483647;
			files = (
				3C35DD2428E233B2006B7A47 /* Prism in Frameworks */,
			);
			runOnlyForDeploymentPostprocessing = 0;
		};
/* End PBXFrameworksBuildPhase section */

/* Begin PBXGroup section */
		3C35DD0728E232DF006B7A47 = {
			isa = PBXGroup;
			children = (
				3C35DD2528E233BA006B7A47 /* Prism */,
				3C35DD1228E232E0006B7A47 /* PrismExample */,
				3C35DD1128E232E0006B7A47 /* Products */,
			);
			sourceTree = "<group>";
		};
		3C35DD1128E232E0006B7A47 /* Products */ = {
			isa = PBXGroup;
			children = (
				3C35DD1028E232E0006B7A47 /* PrismExample.app */,
			);
			name = Products;
			sourceTree = "<group>";
		};
		3C35DD1228E232E0006B7A47 /* PrismExample */ = {
			isa = PBXGroup;
			children = (
				3C35DD1328E232E0006B7A47 /* PrismExampleApp.swift */,
				3C35DD2D28E261DE006B7A47 /* ViewModel.swift */,
				3C35DD1528E232E0006B7A47 /* ContentView.swift */,
				3C35DD2F28E27CE0006B7A47 /* Gallery */,
				3C35DD2A28E25D56006B7A47 /* Examples */,
				3C35DD1728E232E1006B7A47 /* Assets.xcassets */,
				3C35DD1928E232E1006B7A47 /* Preview Content */,
			);
			path = PrismExample;
			sourceTree = "<group>";
		};
		3C35DD1928E232E1006B7A47 /* Preview Content */ = {
			isa = PBXGroup;
			children = (
				3C35DD1A28E232E1006B7A47 /* Preview Assets.xcassets */,
			);
			path = "Preview Content";
			sourceTree = "<group>";
		};
		3C35DD2A28E25D56006B7A47 /* Examples */ = {
			isa = PBXGroup;
			children = (
				3C35DD2828E25D53006B7A47 /* Color.swift */,
				3C35DD3228E27E19006B7A47 /* Gradient.swift */,
				3C35DD3428E27FD5006B7A47 /* Image.swift */,
				3C35DD3628E28269006B7A47 /* Glass.swift */,
				3C35DD2628E25C79006B7A47 /* DetailView.swift */,
			);
			path = Examples;
			sourceTree = "<group>";
		};
		3C35DD2F28E27CE0006B7A47 /* Gallery */ = {
			isa = PBXGroup;
			children = (
				3C35DD2B28E25DFD006B7A47 /* GalleryView.swift */,
				3C35DD3028E27CEE006B7A47 /* GalleryCardView.swift */,
			);
			path = Gallery;
			sourceTree = "<group>";
		};
/* End PBXGroup section */

/* Begin PBXNativeTarget section */
		3C35DD0F28E232E0006B7A47 /* PrismExample */ = {
			isa = PBXNativeTarget;
			buildConfigurationList = 3C35DD1E28E232E1006B7A47 /* Build configuration list for PBXNativeTarget "PrismExample" */;
			buildPhases = (
				3C35DD0C28E232E0006B7A47 /* Sources */,
				3C35DD0D28E232E0006B7A47 /* Frameworks */,
				3C35DD0E28E232E0006B7A47 /* Resources */,
			);
			buildRules = (
			);
			dependencies = (
			);
			name = PrismExample;
			packageProductDependencies = (
				3C35DD2328E233B2006B7A47 /* Prism */,
			);
			productName = PrismExample;
			productReference = 3C35DD1028E232E0006B7A47 /* PrismExample.app */;
			productType = "com.apple.product-type.application";
		};
/* End PBXNativeTarget section */

/* Begin PBXProject section */
		3C35DD0828E232DF006B7A47 /* Project object */ = {
			isa = PBXProject;
			attributes = {
				BuildIndependentTargetsInParallel = 1;
				LastSwiftUpdateCheck = 1400;
				LastUpgradeCheck = 1400;
				TargetAttributes = {
					3C35DD0F28E232E0006B7A47 = {
						CreatedOnToolsVersion = 14.0;
					};
				};
			};
			buildConfigurationList = 3C35DD0B28E232E0006B7A47 /* Build configuration list for PBXProject "PrismExample" */;
			compatibilityVersion = "Xcode 14.0";
			developmentRegion = en;
			hasScannedForEncodings = 0;
			knownRegions = (
				en,
				Base,
			);
			mainGroup = 3C35DD0728E232DF006B7A47;
			packageReferences = (
				3C35DD2228E233B2006B7A47 /* XCRemoteSwiftPackageReference "Prism" */,
			);
			productRefGroup = 3C35DD1128E232E0006B7A47 /* Products */;
			projectDirPath = "";
			projectRoot = "";
			targets = (
				3C35DD0F28E232E0006B7A47 /* PrismExample */,
			);
		};
/* End PBXProject section */

/* Begin PBXResourcesBuildPhase section */
		3C35DD0E28E232E0006B7A47 /* Resources */ = {
			isa = PBXResourcesBuildPhase;
			buildActionMask = 2147483647;
			files = (
				3C35DD1B28E232E1006B7A47 /* Preview Assets.xcassets in Resources */,
				3C35DD1828E232E1006B7A47 /* Assets.xcassets in Resources */,
			);
			runOnlyForDeploymentPostprocessing = 0;
		};
/* End PBXResourcesBuildPhase section */

/* Begin PBXSourcesBuildPhase section */
		3C35DD0C28E232E0006B7A47 /* Sources */ = {
			isa = PBXSourcesBuildPhase;
			buildActionMask = 2147483647;
			files = (
				3C35DD2928E25D53006B7A47 /* Color.swift in Sources */,
				3C35DD3528E27FD5006B7A47 /* Image.swift in Sources */,
				3C35DD1628E232E0006B7A47 /* ContentView.swift in Sources */,
				3C35DD2728E25C79006B7A47 /* DetailView.swift in Sources */,
				3C35DD1428E232E0006B7A47 /* PrismExampleApp.swift in Sources */,
				3C35DD2E28E261DE006B7A47 /* ViewModel.swift in Sources */,
				3C35DD3128E27CEE006B7A47 /* GalleryCardView.swift in Sources */,
				3C35DD2C28E25DFD006B7A47 /* GalleryView.swift in Sources */,
				3C35DD3728E28269006B7A47 /* Glass.swift in Sources */,
				3C35DD3328E27E19006B7A47 /* Gradient.swift in Sources */,
			);
			runOnlyForDeploymentPostprocessing = 0;
		};
/* End PBXSourcesBuildPhase section */

/* Begin XCBuildConfiguration section */
		3C35DD1C28E232E1006B7A47 /* Debug */ = {
			isa = XCBuildConfiguration;
			buildSettings = {
				ALWAYS_SEARCH_USER_PATHS = NO;
				CLANG_ANALYZER_NONNULL = YES;
				CLANG_ANALYZER_NUMBER_OBJECT_CONVERSION = YES_AGGRESSIVE;
				CLANG_CXX_LANGUAGE_STANDARD = "gnu++20";
				CLANG_ENABLE_MODULES = YES;
				CLANG_ENABLE_OBJC_ARC = YES;
				CLANG_ENABLE_OBJC_WEAK = YES;
				CLANG_WARN_BLOCK_CAPTURE_AUTORELEASING = YES;
				CLANG_WARN_BOOL_CONVERSION = YES;
				CLANG_WARN_COMMA = YES;
				CLANG_WARN_CONSTANT_CONVERSION = YES;
				CLANG_WARN_DEPRECATED_OBJC_IMPLEMENTATIONS = YES;
				CLANG_WARN_DIRECT_OBJC_ISA_USAGE = YES_ERROR;
				CLANG_WARN_DOCUMENTATION_COMMENTS = YES;
				CLANG_WARN_EMPTY_BODY = YES;
				CLANG_WARN_ENUM_CONVERSION = YES;
				CLANG_WARN_INFINITE_RECURSION = YES;
				CLANG_WARN_INT_CONVERSION = YES;
				CLANG_WARN_NON_LITERAL_NULL_CONVERSION = YES;
				CLANG_WARN_OBJC_IMPLICIT_RETAIN_SELF = YES;
				CLANG_WARN_OBJC_LITERAL_CONVERSION = YES;
				CLANG_WARN_OBJC_ROOT_CLASS = YES_ERROR;
				CLANG_WARN_QUOTED_INCLUDE_IN_FRAMEWORK_HEADER = YES;
				CLANG_WARN_RANGE_LOOP_ANALYSIS = YES;
				CLANG_WARN_STRICT_PROTOTYPES = YES;
				CLANG_WARN_SUSPICIOUS_MOVE = YES;
				CLANG_WARN_UNGUARDED_AVAILABILITY = YES_AGGRESSIVE;
				CLANG_WARN_UNREACHABLE_CODE = YES;
				CLANG_WARN__DUPLICATE_METHOD_MATCH = YES;
				COPY_PHASE_STRIP = NO;
				DEBUG_INFORMATION_FORMAT = dwarf;
				ENABLE_STRICT_OBJC_MSGSEND = YES;
				ENABLE_TESTABILITY = YES;
				GCC_C_LANGUAGE_STANDARD = gnu11;
				GCC_DYNAMIC_NO_PIC = NO;
				GCC_NO_COMMON_BLOCKS = YES;
				GCC_OPTIMIZATION_LEVEL = 0;
				GCC_PREPROCESSOR_DEFINITIONS = (
					"DEBUG=1",
					"$(inherited)",
				);
				GCC_WARN_64_TO_32_BIT_CONVERSION = YES;
				GCC_WARN_ABOUT_RETURN_TYPE = YES_ERROR;
				GCC_WARN_UNDECLARED_SELECTOR = YES;
				GCC_WARN_UNINITIALIZED_AUTOS = YES_AGGRESSIVE;
				GCC_WARN_UNUSED_FUNCTION = YES;
				GCC_WARN_UNUSED_VARIABLE = YES;
				IPHONEOS_DEPLOYMENT_TARGET = 16.0;
				MTL_ENABLE_DEBUG_INFO = INCLUDE_SOURCE;
				MTL_FAST_MATH = YES;
				ONLY_ACTIVE_ARCH = YES;
				SDKROOT = iphoneos;
				SWIFT_ACTIVE_COMPILATION_CONDITIONS = DEBUG;
				SWIFT_OPTIMIZATION_LEVEL = "-Onone";
			};
			name = Debug;
		};
		3C35DD1D28E232E1006B7A47 /* Release */ = {
			isa = XCBuildConfiguration;
			buildSettings = {
				ALWAYS_SEARCH_USER_PATHS = NO;
				CLANG_ANALYZER_NONNULL = YES;
				CLANG_ANALYZER_NUMBER_OBJECT_CONVERSION = YES_AGGRESSIVE;
				CLANG_CXX_LANGUAGE_STANDARD = "gnu++20";
				CLANG_ENABLE_MODULES = YES;
				CLANG_ENABLE_OBJC_ARC = YES;
				CLANG_ENABLE_OBJC_WEAK = YES;
				CLANG_WARN_BLOCK_CAPTURE_AUTORELEASING = YES;
				CLANG_WARN_BOOL_CONVERSION = YES;
				CLANG_WARN_COMMA = YES;
				CLANG_WARN_CONSTANT_CONVERSION = YES;
				CLANG_WARN_DEPRECATED_OBJC_IMPLEMENTATIONS = YES;
				CLANG_WARN_DIRECT_OBJC_ISA_USAGE = YES_ERROR;
				CLANG_WARN_DOCUMENTATION_COMMENTS = YES;
				CLANG_WARN_EMPTY_BODY = YES;
				CLANG_WARN_ENUM_CONVERSION = YES;
				CLANG_WARN_INFINITE_RECURSION = YES;
				CLANG_WARN_INT_CONVERSION = YES;
				CLANG_WARN_NON_LITERAL_NULL_CONVERSION = YES;
				CLANG_WARN_OBJC_IMPLICIT_RETAIN_SELF = YES;
				CLANG_WARN_OBJC_LITERAL_CONVERSION = YES;
				CLANG_WARN_OBJC_ROOT_CLASS = YES_ERROR;
				CLANG_WARN_QUOTED_INCLUDE_IN_FRAMEWORK_HEADER = YES;
				CLANG_WARN_RANGE_LOOP_ANALYSIS = YES;
				CLANG_WARN_STRICT_PROTOTYPES = YES;
				CLANG_WARN_SUSPICIOUS_MOVE = YES;
				CLANG_WARN_UNGUARDED_AVAILABILITY = YES_AGGRESSIVE;
				CLANG_WARN_UNREACHABLE_CODE = YES;
				CLANG_WARN__DUPLICATE_METHOD_MATCH = YES;
				COPY_PHASE_STRIP = NO;
				DEBUG_INFORMATION_FORMAT = "dwarf-with-dsym";
				ENABLE_NS_ASSERTIONS = NO;
				ENABLE_STRICT_OBJC_MSGSEND = YES;
				GCC_C_LANGUAGE_STANDARD = gnu11;
				GCC_NO_COMMON_BLOCKS = YES;
				GCC_WARN_64_TO_32_BIT_CONVERSION = YES;
				GCC_WARN_ABOUT_RETURN_TYPE = YES_ERROR;
				GCC_WARN_UNDECLARED_SELECTOR = YES;
				GCC_WARN_UNINITIALIZED_AUTOS = YES_AGGRESSIVE;
				GCC_WARN_UNUSED_FUNCTION = YES;
				GCC_WARN_UNUSED_VARIABLE = YES;
				IPHONEOS_DEPLOYMENT_TARGET = 16.0;
				MTL_ENABLE_DEBUG_INFO = NO;
				MTL_FAST_MATH = YES;
				SDKROOT = iphoneos;
				SWIFT_COMPILATION_MODE = wholemodule;
				SWIFT_OPTIMIZATION_LEVEL = "-O";
				VALIDATE_PRODUCT = YES;
			};
			name = Release;
		};
		3C35DD1F28E232E1006B7A47 /* Debug */ = {
			isa = XCBuildConfiguration;
			buildSettings = {
				ASSETCATALOG_COMPILER_APPICON_NAME = AppIcon;
				ASSETCATALOG_COMPILER_GLOBAL_ACCENT_COLOR_NAME = AccentColor;
				CODE_SIGN_STYLE = Automatic;
				CURRENT_PROJECT_VERSION = 1;
				DEVELOPMENT_ASSET_PATHS = "\"PrismExample/Preview Content\"";
				DEVELOPMENT_TEAM = YA533DMD5J;
				ENABLE_PREVIEWS = YES;
				GENERATE_INFOPLIST_FILE = YES;
				INFOPLIST_KEY_UIApplicationSceneManifest_Generation = YES;
				INFOPLIST_KEY_UIApplicationSupportsIndirectInputEvents = YES;
				INFOPLIST_KEY_UILaunchScreen_Generation = YES;
				INFOPLIST_KEY_UISupportedInterfaceOrientations_iPad = "UIInterfaceOrientationPortrait UIInterfaceOrientationPortraitUpsideDown UIInterfaceOrientationLandscapeLeft UIInterfaceOrientationLandscapeRight";
				INFOPLIST_KEY_UISupportedInterfaceOrientations_iPhone = "UIInterfaceOrientationPortrait UIInterfaceOrientationLandscapeLeft UIInterfaceOrientationLandscapeRight";
				LD_RUNPATH_SEARCH_PATHS = (
					"$(inherited)",
					"@executable_path/Frameworks",
				);
				MARKETING_VERSION = 1.0;
				PRODUCT_BUNDLE_IDENTIFIER = com.aheze.PrismExample;
				PRODUCT_NAME = "$(TARGET_NAME)";
				SWIFT_EMIT_LOC_STRINGS = YES;
				SWIFT_VERSION = 5.0;
				TARGETED_DEVICE_FAMILY = "1,2";
			};
			name = Debug;
		};
		3C35DD2028E232E1006B7A47 /* Release */ = {
			isa = XCBuildConfiguration;
			buildSettings = {
				ASSETCATALOG_COMPILER_APPICON_NAME = AppIcon;
				ASSETCATALOG_COMPILER_GLOBAL_ACCENT_COLOR_NAME = AccentColor;
				CODE_SIGN_STYLE = Automatic;
				CURRENT_PROJECT_VERSION = 1;
				DEVELOPMENT_ASSET_PATHS = "\"PrismExample/Preview Content\"";
				DEVELOPMENT_TEAM = YA533DMD5J;
				ENABLE_PREVIEWS = YES;
				GENERATE_INFOPLIST_FILE = YES;
				INFOPLIST_KEY_UIApplicationSceneManifest_Generation = YES;
				INFOPLIST_KEY_UIApplicationSupportsIndirectInputEvents = YES;
				INFOPLIST_KEY_UILaunchScreen_Generation = YES;
				INFOPLIST_KEY_UISupportedInterfaceOrientations_iPad = "UIInterfaceOrientationPortrait UIInterfaceOrientationPortraitUpsideDown UIInterfaceOrientationLandscapeLeft UIInterfaceOrientationLandscapeRight";
				INFOPLIST_KEY_UISupportedInterfaceOrientations_iPhone = "UIInterfaceOrientationPortrait UIInterfaceOrientationLandscapeLeft UIInterfaceOrientationLandscapeRight";
				LD_RUNPATH_SEARCH_PATHS = (
					"$(inherited)",
					"@executable_path/Frameworks",
				);
				MARKETING_VERSION = 1.0;
				PRODUCT_BUNDLE_IDENTIFIER = com.aheze.PrismExample;
				PRODUCT_NAME = "$(TARGET_NAME)";
				SWIFT_EMIT_LOC_STRINGS = YES;
				SWIFT_VERSION = 5.0;
				TARGETED_DEVICE_FAMILY = "1,2";
			};
			name = Release;
		};
/* End XCBuildConfiguration section */

/* Begin XCConfigurationList section */
		3C35DD0B28E232E0006B7A47 /* Build configuration list for PBXProject "PrismExample" */ = {
			isa = XCConfigurationList;
			buildConfigurations = (
				3C35DD1C28E232E1006B7A47 /* Debug */,
				3C35DD1D28E232E1006B7A47 /* Release */,
			);
			defaultConfigurationIsVisible = 0;
			defaultConfigurationName = Release;
		};
		3C35DD1E28E232E1006B7A47 /* Build configuration list for PBXNativeTarget "PrismExample" */ = {
			isa = XCConfigurationList;
			buildConfigurations = (
				3C35DD1F28E232E1006B7A47 /* Debug */,
				3C35DD2028E232E1006B7A47 /* Release */,
			);
			defaultConfigurationIsVisible = 0;
			defaultConfigurationName = Release;
		};
/* End XCConfigurationList section */

/* Begin XCRemoteSwiftPackageReference section */
		3C35DD2228E233B2006B7A47 /* XCRemoteSwiftPackageReference "Prism" */ = {
			isa = XCRemoteSwiftPackageReference;
			repositoryURL = "https://github.com/aheze/Prism";
			requirement = {
				branch = main;
				kind = branch;
			};
		};
/* End XCRemoteSwiftPackageReference section */

/* Begin XCSwiftPackageProductDependency section */
		3C35DD2328E233B2006B7A47 /* Prism */ = {
			isa = XCSwiftPackageProductDependency;
			package = 3C35DD2228E233B2006B7A47 /* XCRemoteSwiftPackageReference "Prism" */;
			productName = Prism;
		};
/* End XCSwiftPackageProductDependency section */
	};
	rootObject = 3C35DD0828E232DF006B7A47 /* Project object */;
}
